// !$*UTF8*$!
{
	archiveVersion = 1;
	classes = {
	};
	objectVersion = 77;
	objects = {

/* Begin PBXBuildFile section */
		BA4D26BD2F9A2F770070BE17 /* PcapPlusPlusCore.framework in Frameworks */ = {isa = PBXBuildFile; fileRef = BA4D26B42F9A2F760070BE17 /* PcapPlusPlusCore.framework */; };
/* End PBXBuildFile section */

/* Begin PBXContainerItemProxy section */
		BA4D26BE2F9A2F770070BE17 /* PBXContainerItemProxy */ = {
			isa = PBXContainerItemProxy;
			containerPortal = BA4D267D2F9A2F490070BE17 /* Project object */;
			proxyType = 1;
			remoteGlobalIDString = BA4D26B32F9A2F760070BE17;
			remoteInfo = PcapPlusPlusCore;
		};
		BAAEA1512F9B99D100C52A7C /* PBXContainerItemProxy */ = {
			isa = PBXContainerItemProxy;
			containerPortal = BA4D267D2F9A2F490070BE17 /* Project object */;
			proxyType = 1;
			remoteGlobalIDString = BAAEA1402F9B99D000C52A7C;
			remoteInfo = TCPApp;
		};
/* End PBXContainerItemProxy section */

/* Begin PBXFileReference section */
		BA4D26B42F9A2F760070BE17 /* PcapPlusPlusCore.framework */ = {isa = PBXFileReference; explicitFileType = wrapper.framework; includeInIndex = 0; path = PcapPlusPlusCore.framework; sourceTree = BUILT_PRODUCTS_DIR; };
		BA4D26BC2F9A2F770070BE17 /* PcapPlusPlusCoreTests.xctest */ = {isa = PBXFileReference; explicitFileType = wrapper.cfbundle; includeInIndex = 0; path = PcapPlusPlusCoreTests.xctest; sourceTree = BUILT_PRODUCTS_DIR; };
		BA4D2DD82F9B3EF50070BE17 /* PcapPlusPlusCore.xctestplan */ = {isa = PBXFileReference; lastKnownFileType = text; path = PcapPlusPlusCore.xctestplan; sourceTree = "<group>"; };
		BA7A10022F9B00000070BE17 /* HexFiend.framework */ = {isa = PBXFileReference; lastKnownFileType = wrapper.framework; name = HexFiend.framework; path = Vendor/HexFiend/HexFiend.framework; sourceTree = "<group>"; };
		BAAEA1412F9B99D000C52A7C /* TCPApp.app */ = {isa = PBXFileReference; explicitFileType = wrapper.application; includeInIndex = 0; path = TCPApp.app; sourceTree = BUILT_PRODUCTS_DIR; };
		BAAEA1502F9B99D100C52A7C /* TCPAppTests.xctest */ = {isa = PBXFileReference; explicitFileType = wrapper.cfbundle; includeInIndex = 0; path = TCPAppTests.xctest; sourceTree = BUILT_PRODUCTS_DIR; };
		BACE00022F9C00000070BE17 /* PacketryNetworkHelper */ = {isa = PBXFileReference; explicitFileType = "compiled.mach-o.executable"; includeInIndex = 0; path = PacketryNetworkHelper; sourceTree = BUILT_PRODUCTS_DIR; };
		BACE00042F9C00000070BE17 /* NetworkHelperLaunchDaemons/com.proxyman.Packetry.NetworkHelper.plist */ = {isa = PBXFileReference; lastKnownFileType = text.plist.xml; path = NetworkHelperLaunchDaemons/com.proxyman.Packetry.NetworkHelper.plist; sourceTree = "<group>"; };
		BACE00062F9C00000070BE17 /* PacketryNetworkHelper/PacketryNetworkHelperCore.swift */ = {isa = PBXFileReference; lastKnownFileType = sourcecode.swift; path = PacketryNetworkHelper/PacketryNetworkHelperCore.swift; sourceTree = "<group>"; };
/* End PBXFileReference section */

/* Begin PBXFileSystemSynchronizedRootGroup section */
		BA4D26B52F9A2F760070BE17 /* PcapPlusPlusCore */ = {
			isa = PBXFileSystemSynchronizedRootGroup;
			path = PcapPlusPlusCore;
			sourceTree = "<group>";
		};
		BA4D26C22F9A2F770070BE17 /* PcapPlusPlusCoreTests */ = {
			isa = PBXFileSystemSynchronizedRootGroup;
			path = PcapPlusPlusCoreTests;
			sourceTree = "<group>";
		};
		BAAEA1422F9B99D100C52A7C /* TCPApp */ = {
			isa = PBXFileSystemSynchronizedRootGroup;
			path = TCPApp;
			sourceTree = "<group>";
		};
		BAAEA1532F9B99D100C52A7C /* TCPAppTests */ = {
			isa = PBXFileSystemSynchronizedRootGroup;
			path = TCPAppTests;
			sourceTree = "<group>";
		};
		BACE000B2F9C00000070BE17 /* PacketryNetworkHelper */ = {
			isa = PBXFileSystemSynchronizedRootGroup;
			path = PacketryNetworkHelper;
			sourceTree = "<group>";
		};
/* End PBXFileSystemSynchronizedRootGroup section */

/* Begin PBXFrameworksBuildPhase section */
		BA4D26B12F9A2F760070BE17 /* Frameworks */ = {
			isa = PBXFrameworksBuildPhase;
			buildActionMask = 2147483647;
			files = (
			);
			runOnlyForDeploymentPostprocessing = 0;
		};
		BA4D26B92F9A2F770070BE17 /* Frameworks */ = {
			isa = PBXFrameworksBuildPhase;
			buildActionMask = 2147483647;
			files = (
				BA4D26BD2F9A2F770070BE17 /* PcapPlusPlusCore.framework in Frameworks */,
			);
			runOnlyForDeploymentPostprocessing = 0;
		};
		BAAEA13E2F9B99D000C52A7C /* Frameworks */ = {
			isa = PBXFrameworksBuildPhase;
			buildActionMask = 2147483647;
			files = (
			);
			runOnlyForDeploymentPostprocessing = 0;
		};
		BAAEA14D2F9B99D100C52A7C /* Frameworks */ = {
			isa = PBXFrameworksBuildPhase;
			buildActionMask = 2147483647;
			files = (
			);
			runOnlyForDeploymentPostprocessing = 0;
		};
		BACE000C2F9C00000070BE17 /* Frameworks */ = {
			isa = PBXFrameworksBuildPhase;
			buildActionMask = 2147483647;
			files = (
			);
			runOnlyForDeploymentPostprocessing = 0;
		};
/* End PBXFrameworksBuildPhase section */

/* Begin PBXGroup section */
		BA4D267C2F9A2F490070BE17 = {
			isa = PBXGroup;
			children = (
				BA4D2DD82F9B3EF50070BE17 /* PcapPlusPlusCore.xctestplan */,
				BA4D26B52F9A2F760070BE17 /* PcapPlusPlusCore */,
				BA4D26C22F9A2F770070BE17 /* PcapPlusPlusCoreTests */,
				BACE000B2F9C00000070BE17 /* PacketryNetworkHelper */,
				BACE000D2F9C00000070BE17 /* NetworkHelperLaunchDaemons */,
				BA7A10032F9B00000070BE17 /* Vendor */,
				BAAEA1422F9B99D100C52A7C /* TCPApp */,
				BAAEA1532F9B99D100C52A7C /* TCPAppTests */,
				BA4D26862F9A2F490070BE17 /* Products */,
				BAAE97052F9B810400C52A7C /* Recovered References */,
			);
			sourceTree = "<group>";
		};
		BA4D26862F9A2F490070BE17 /* Products */ = {
			isa = PBXGroup;
			children = (
				BA4D26B42F9A2F760070BE17 /* PcapPlusPlusCore.framework */,
				BA4D26BC2F9A2F770070BE17 /* PcapPlusPlusCoreTests.xctest */,
				BACE00022F9C00000070BE17 /* PacketryNetworkHelper */,
				BAAEA1412F9B99D000C52A7C /* TCPApp.app */,
				BAAEA1502F9B99D100C52A7C /* TCPAppTests.xctest */,
			);
			name = Products;
			sourceTree = "<group>";
		};
		BA7A10032F9B00000070BE17 /* Vendor */ = {
			isa = PBXGroup;
			children = (
				BA7A10022F9B00000070BE17 /* HexFiend.framework */,
			);
			name = Vendor;
			sourceTree = "<group>";
		};
		BAAE97052F9B810400C52A7C /* Recovered References */ = {
			isa = PBXGroup;
			children = (
				BACE00062F9C00000070BE17 /* PacketryNetworkHelper/PacketryNetworkHelperCore.swift */,
			);
			name = "Recovered References";
			sourceTree = "<group>";
		};
		BACE000D2F9C00000070BE17 /* NetworkHelperLaunchDaemons */ = {
			isa = PBXGroup;
			children = (
				BACE00042F9C00000070BE17 /* NetworkHelperLaunchDaemons/com.proxyman.Packetry.NetworkHelper.plist */,
			);
			name = NetworkHelperLaunchDaemons;
			sourceTree = "<group>";
		};
/* End PBXGroup section */

/* Begin PBXHeadersBuildPhase section */
		BA4D26AF2F9A2F760070BE17 /* Headers */ = {
			isa = PBXHeadersBuildPhase;
			buildActionMask = 2147483647;
			files = (
			);
			runOnlyForDeploymentPostprocessing = 0;
		};
/* End PBXHeadersBuildPhase section */

/* Begin PBXNativeTarget section */
		BA4D26B32F9A2F760070BE17 /* PcapPlusPlusCore */ = {
			isa = PBXNativeTarget;
			buildConfigurationList = BA4D26C92F9A2F770070BE17 /* Build configuration list for PBXNativeTarget "PcapPlusPlusCore" */;
			buildPhases = (
				BA4D26AF2F9A2F760070BE17 /* Headers */,
				BA4D26D02F9A30770070BE17 /* Bootstrap PcapPlusPlus */,
				BA4D26B02F9A2F760070BE17 /* Sources */,
				BA4D26B12F9A2F760070BE17 /* Frameworks */,
				BA4D26B22F9A2F760070BE17 /* Resources */,
			);
			buildRules = (
			);
			dependencies = (
			);
			fileSystemSynchronizedGroups = (
				BA4D26B52F9A2F760070BE17 /* PcapPlusPlusCore */,
			);
			name = PcapPlusPlusCore;
			productName = PcapPlusPlusCore;
			productReference = BA4D26B42F9A2F760070BE17 /* PcapPlusPlusCore.framework */;
			productType = "com.apple.product-type.framework";
		};
		BA4D26BB2F9A2F770070BE17 /* PcapPlusPlusCoreTests */ = {
			isa = PBXNativeTarget;
			buildConfigurationList = BA4D26CD2F9A2F770070BE17 /* Build configuration list for PBXNativeTarget "PcapPlusPlusCoreTests" */;
			buildPhases = (
				BA4D26B82F9A2F770070BE17 /* Sources */,
				BA4D26B92F9A2F770070BE17 /* Frameworks */,
				BA4D26BA2F9A2F770070BE17 /* Resources */,
			);
			buildRules = (
			);
			dependencies = (
				BA4D26BF2F9A2F770070BE17 /* PBXTargetDependency */,
			);
			fileSystemSynchronizedGroups = (
				BA4D26C22F9A2F770070BE17 /* PcapPlusPlusCoreTests */,
			);
			name = PcapPlusPlusCoreTests;
			productName = PcapPlusPlusCoreTests;
			productReference = BA4D26BC2F9A2F770070BE17 /* PcapPlusPlusCoreTests.xctest */;
			productType = "com.apple.product-type.bundle.unit-test";
		};
		BAAEA1402F9B99D000C52A7C /* TCPApp */ = {
			isa = PBXNativeTarget;
			buildConfigurationList = BAAEA1622F9B99D100C52A7C /* Build configuration list for PBXNativeTarget "TCPApp" */;
			buildPhases = (
				BAAEA13D2F9B99D000C52A7C /* Sources */,
				BAAEA13E2F9B99D000C52A7C /* Frameworks */,
				BAAEA13F2F9B99D000C52A7C /* Resources */,
			);
			buildRules = (
			);
			dependencies = (
			);
			fileSystemSynchronizedGroups = (
				BAAEA1422F9B99D100C52A7C /* TCPApp */,
			);
			name = TCPApp;
			packageProductDependencies = (
			);
			productName = TCPApp;
			productReference = BAAEA1412F9B99D000C52A7C /* TCPApp.app */;
			productType = "com.apple.product-type.application";
		};
		BAAEA14F2F9B99D100C52A7C /* TCPAppTests */ = {
			isa = PBXNativeTarget;
			buildConfigurationList = BAAEA1652F9B99D100C52A7C /* Build configuration list for PBXNativeTarget "TCPAppTests" */;
			buildPhases = (
				BAAEA14C2F9B99D100C52A7C /* Sources */,
				BAAEA14D2F9B99D100C52A7C /* Frameworks */,
				BAAEA14E2F9B99D100C52A7C /* Resources */,
			);
			buildRules = (
			);
			dependencies = (
				BAAEA1522F9B99D100C52A7C /* PBXTargetDependency */,
			);
			fileSystemSynchronizedGroups = (
				BAAEA1532F9B99D100C52A7C /* TCPAppTests */,
			);
			name = TCPAppTests;
			packageProductDependencies = (
			);
			productName = TCPAppTests;
			productReference = BAAEA1502F9B99D100C52A7C /* TCPAppTests.xctest */;
			productType = "com.apple.product-type.bundle.unit-test";
		};
		BACE00082F9C00000070BE17 /* PacketryNetworkHelper */ = {
			isa = PBXNativeTarget;
			buildConfigurationList = BACE00102F9C00000070BE17 /* Build configuration list for PBXNativeTarget "PacketryNetworkHelper" */;
			buildPhases = (
				BACE00112F9C00000070BE17 /* Sources */,
				BACE000C2F9C00000070BE17 /* Frameworks */,
				BACE00122F9C00000070BE17 /* Resources */,
			);
			buildRules = (
			);
			dependencies = (
			);
			fileSystemSynchronizedGroups = (
				BACE000B2F9C00000070BE17 /* PacketryNetworkHelper */,
			);
			name = PacketryNetworkHelper;
			productName = PacketryNetworkHelper;
			productReference = BACE00022F9C00000070BE17 /* PacketryNetworkHelper */;
			productType = "com.apple.product-type.tool";
		};
/* End PBXNativeTarget section */

/* Begin PBXProject section */
		BA4D267D2F9A2F490070BE17 /* Project object */ = {
			isa = PBXProject;
			attributes = {
				BuildIndependentTargetsInParallel = 1;
				LastSwiftUpdateCheck = 2640;
				LastUpgradeCheck = 2640;
				TargetAttributes = {
					BA4D26B32F9A2F760070BE17 = {
						CreatedOnToolsVersion = 26.4.1;
					};
					BA4D26BB2F9A2F770070BE17 = {
						CreatedOnToolsVersion = 26.4.1;
					};
					BAAEA1402F9B99D000C52A7C = {
						CreatedOnToolsVersion = 26.4.1;
					};
					BAAEA14F2F9B99D100C52A7C = {
						CreatedOnToolsVersion = 26.4.1;
						TestTargetID = BAAEA1402F9B99D000C52A7C;
					};
					BACE00082F9C00000070BE17 = {
						CreatedOnToolsVersion = 26.4.1;
					};
				};
			};
			buildConfigurationList = BA4D26802F9A2F490070BE17 /* Build configuration list for PBXProject "Packetry" */;
			developmentRegion = en;
			hasScannedForEncodings = 0;
			knownRegions = (
				en,
				Base,
			);
			mainGroup = BA4D267C2F9A2F490070BE17;
			minimizedProjectReferenceProxies = 1;
			preferredProjectObjectVersion = 77;
			productRefGroup = BA4D26862F9A2F490070BE17 /* Products */;
			projectDirPath = "";
			projectRoot = "";
			targets = (
				BA4D26B32F9A2F760070BE17 /* PcapPlusPlusCore */,
				BA4D26BB2F9A2F770070BE17 /* PcapPlusPlusCoreTests */,
				BACE00082F9C00000070BE17 /* PacketryNetworkHelper */,
				BAAEA1402F9B99D000C52A7C /* TCPApp */,
				BAAEA14F2F9B99D100C52A7C /* TCPAppTests */,
			);
		};
/* End PBXProject section */

/* Begin PBXResourcesBuildPhase section */
		BA4D26B22F9A2F760070BE17 /* Resources */ = {
			isa = PBXResourcesBuildPhase;
			buildActionMask = 2147483647;
			files = (
			);
			runOnlyForDeploymentPostprocessing = 0;
		};
		BA4D26BA2F9A2F770070BE17 /* Resources */ = {
			isa = PBXResourcesBuildPhase;
			buildActionMask = 2147483647;
			files = (
			);
			runOnlyForDeploymentPostprocessing = 0;
		};
		BAAEA13F2F9B99D000C52A7C /* Resources */ = {
			isa = PBXResourcesBuildPhase;
			buildActionMask = 2147483647;
			files = (
			);
			runOnlyForDeploymentPostprocessing = 0;
		};
		BAAEA14E2F9B99D100C52A7C /* Resources */ = {
			isa = PBXResourcesBuildPhase;
			buildActionMask = 2147483647;
			files = (
			);
			runOnlyForDeploymentPostprocessing = 0;
		};
		BACE00122F9C00000070BE17 /* Resources */ = {
			isa = PBXResourcesBuildPhase;
			buildActionMask = 2147483647;
			files = (
			);
			runOnlyForDeploymentPostprocessing = 0;
		};
/* End PBXResourcesBuildPhase section */

/* Begin PBXShellScriptBuildPhase section */
		BA4D26D02F9A30770070BE17 /* Bootstrap PcapPlusPlus */ = {
			isa = PBXShellScriptBuildPhase;
			buildActionMask = 2147483647;
			files = (
			);
			inputFileListPaths = (
			);
			inputPaths = (
			);
			name = "Bootstrap PcapPlusPlus";
			outputFileListPaths = (
			);
			outputPaths = (
				"$(PROJECT_DIR)/Vendor/.install/pcapplusplus/.packetry-build-stamp",
			);
			runOnlyForDeploymentPostprocessing = 0;
			shellPath = /bin/sh;
			shellScript = "\"$PROJECT_DIR/scripts/bootstrap-pcapplusplus.sh\"\n";
			showEnvVarsInLog = 0;
		};
/* End PBXShellScriptBuildPhase section */

/* Begin PBXSourcesBuildPhase section */
		BA4D26B02F9A2F760070BE17 /* Sources */ = {
			isa = PBXSourcesBuildPhase;
			buildActionMask = 2147483647;
			files = (
			);
			runOnlyForDeploymentPostprocessing = 0;
		};
		BA4D26B82F9A2F770070BE17 /* Sources */ = {
			isa = PBXSourcesBuildPhase;
			buildActionMask = 2147483647;
			files = (
			);
			runOnlyForDeploymentPostprocessing = 0;
		};
		BAAEA13D2F9B99D000C52A7C /* Sources */ = {
			isa = PBXSourcesBuildPhase;
			buildActionMask = 2147483647;
			files = (
			);
			runOnlyForDeploymentPostprocessing = 0;
		};
		BAAEA14C2F9B99D100C52A7C /* Sources */ = {
			isa = PBXSourcesBuildPhase;
			buildActionMask = 2147483647;
			files = (
			);
			runOnlyForDeploymentPostprocessing = 0;
		};
		BACE00112F9C00000070BE17 /* Sources */ = {
			isa = PBXSourcesBuildPhase;
			buildActionMask = 2147483647;
			files = (
			);
			runOnlyForDeploymentPostprocessing = 0;
		};
/* End PBXSourcesBuildPhase section */

/* Begin PBXTargetDependency section */
		BA4D26BF2F9A2F770070BE17 /* PBXTargetDependency */ = {
			isa = PBXTargetDependency;
			target = BA4D26B32F9A2F760070BE17 /* PcapPlusPlusCore */;
			targetProxy = BA4D26BE2F9A2F770070BE17 /* PBXContainerItemProxy */;
		};
		BAAEA1522F9B99D100C52A7C /* PBXTargetDependency */ = {
			isa = PBXTargetDependency;
			target = BAAEA1402F9B99D000C52A7C /* TCPApp */;
			targetProxy = BAAEA1512F9B99D100C52A7C /* PBXContainerItemProxy */;
		};
/* End PBXTargetDependency section */

/* Begin XCBuildConfiguration section */
		BA4D26A42F9A2F4B0070BE17 /* Debug */ = {
			isa = XCBuildConfiguration;
			buildSettings = {
				ALWAYS_SEARCH_USER_PATHS = NO;
				ASSETCATALOG_COMPILER_GENERATE_SWIFT_ASSET_SYMBOL_EXTENSIONS = YES;
				CLANG_ANALYZER_NONNULL = YES;
				CLANG_ANALYZER_NUMBER_OBJECT_CONVERSION = YES_AGGRESSIVE;
				CLANG_CXX_LANGUAGE_STANDARD = "gnu++20";
				CLANG_ENABLE_MODULES = YES;
				CLANG_ENABLE_OBJC_ARC = YES;
				CLANG_ENABLE_OBJC_WEAK = YES;
				CLANG_WARN_BLOCK_CAPTURE_AUTORELEASING = YES;
				CLANG_WARN_BOOL_CONVERSION = YES;
				CLANG_WARN_COMMA = YES;
				CLANG_WARN_CONSTANT_CONVERSION = YES;
				CLANG_WARN_DEPRECATED_OBJC_IMPLEMENTATIONS = YES;
				CLANG_WARN_DIRECT_OBJC_ISA_USAGE = YES_ERROR;
				CLANG_WARN_DOCUMENTATION_COMMENTS = YES;
				CLANG_WARN_EMPTY_BODY = YES;
				CLANG_WARN_ENUM_CONVERSION = YES;
				CLANG_WARN_INFINITE_RECURSION = YES;
				CLANG_WARN_INT_CONVERSION = YES;
				CLANG_WARN_NON_LITERAL_NULL_CONVERSION = YES;
				CLANG_WARN_OBJC_IMPLICIT_RETAIN_SELF = YES;
				CLANG_WARN_OBJC_LITERAL_CONVERSION = YES;
				CLANG_WARN_OBJC_ROOT_CLASS = YES_ERROR;
				CLANG_WARN_QUOTED_INCLUDE_IN_FRAMEWORK_HEADER = YES;
				CLANG_WARN_RANGE_LOOP_ANALYSIS = YES;
				CLANG_WARN_STRICT_PROTOTYPES = YES;
				CLANG_WARN_SUSPICIOUS_MOVE = YES;
				CLANG_WARN_UNGUARDED_AVAILABILITY = YES_AGGRESSIVE;
				CLANG_WARN_UNREACHABLE_CODE = YES;
				CLANG_WARN__DUPLICATE_METHOD_MATCH = YES;
				COPY_PHASE_STRIP = NO;
				DEBUG_INFORMATION_FORMAT = dwarf;
				DEVELOPMENT_TEAM = 57SKMSUCY8;
				ENABLE_STRICT_OBJC_MSGSEND = YES;
				ENABLE_TESTABILITY = YES;
				ENABLE_USER_SCRIPT_SANDBOXING = YES;
				GCC_C_LANGUAGE_STANDARD = gnu17;
				GCC_DYNAMIC_NO_PIC = NO;
				GCC_NO_COMMON_BLOCKS = YES;
				GCC_OPTIMIZATION_LEVEL = 0;
				GCC_PREPROCESSOR_DEFINITIONS = (
					"DEBUG=1",
					"$(inherited)",
				);
				GCC_WARN_64_TO_32_BIT_CONVERSION = YES;
				GCC_WARN_ABOUT_RETURN_TYPE = YES_ERROR;
				GCC_WARN_UNDECLARED_SELECTOR = YES;
				GCC_WARN_UNINITIALIZED_AUTOS = YES_AGGRESSIVE;
				GCC_WARN_UNUSED_FUNCTION = YES;
				GCC_WARN_UNUSED_VARIABLE = YES;
				LOCALIZATION_PREFERS_STRING_CATALOGS = YES;
				MACOSX_DEPLOYMENT_TARGET = 15.0;
				MTL_ENABLE_DEBUG_INFO = INCLUDE_SOURCE;
				MTL_FAST_MATH = YES;
				ONLY_ACTIVE_ARCH = YES;
				SDKROOT = macosx;
				SWIFT_ACTIVE_COMPILATION_CONDITIONS = "DEBUG $(inherited)";
				SWIFT_OPTIMIZATION_LEVEL = "-Onone";
			};
			name = Debug;
		};
		BA4D26A52F9A2F4B0070BE17 /* Release */ = {
			isa = XCBuildConfiguration;
			buildSettings = {
				ALWAYS_SEARCH_USER_PATHS = NO;
				ASSETCATALOG_COMPILER_GENERATE_SWIFT_ASSET_SYMBOL_EXTENSIONS = YES;
				CLANG_ANALYZER_NONNULL = YES;
				CLANG_ANALYZER_NUMBER_OBJECT_CONVERSION = YES_AGGRESSIVE;
				CLANG_CXX_LANGUAGE_STANDARD = "gnu++20";
				CLANG_ENABLE_MODULES = YES;
				CLANG_ENABLE_OBJC_ARC = YES;
				CLANG_ENABLE_OBJC_WEAK = YES;
				CLANG_WARN_BLOCK_CAPTURE_AUTORELEASING = YES;
				CLANG_WARN_BOOL_CONVERSION = YES;
				CLANG_WARN_COMMA = YES;
				CLANG_WARN_CONSTANT_CONVERSION = YES;
				CLANG_WARN_DEPRECATED_OBJC_IMPLEMENTATIONS = YES;
				CLANG_WARN_DIRECT_OBJC_ISA_USAGE = YES_ERROR;
				CLANG_WARN_DOCUMENTATION_COMMENTS = YES;
				CLANG_WARN_EMPTY_BODY = YES;
				CLANG_WARN_ENUM_CONVERSION = YES;
				CLANG_WARN_INFINITE_RECURSION = YES;
				CLANG_WARN_INT_CONVERSION = YES;
				CLANG_WARN_NON_LITERAL_NULL_CONVERSION = YES;
				CLANG_WARN_OBJC_IMPLICIT_RETAIN_SELF = YES;
				CLANG_WARN_OBJC_LITERAL_CONVERSION = YES;
				CLANG_WARN_OBJC_ROOT_CLASS = YES_ERROR;
				CLANG_WARN_QUOTED_INCLUDE_IN_FRAMEWORK_HEADER = YES;
				CLANG_WARN_RANGE_LOOP_ANALYSIS = YES;
				CLANG_WARN_STRICT_PROTOTYPES = YES;
				CLANG_WARN_SUSPICIOUS_MOVE = YES;
				CLANG_WARN_UNGUARDED_AVAILABILITY = YES_AGGRESSIVE;
				CLANG_WARN_UNREACHABLE_CODE = YES;
				CLANG_WARN__DUPLICATE_METHOD_MATCH = YES;
				COPY_PHASE_STRIP = NO;
				DEBUG_INFORMATION_FORMAT = "dwarf-with-dsym";
				DEVELOPMENT_TEAM = 57SKMSUCY8;
				ENABLE_NS_ASSERTIONS = NO;
				ENABLE_STRICT_OBJC_MSGSEND = YES;
				ENABLE_USER_SCRIPT_SANDBOXING = YES;
				GCC_C_LANGUAGE_STANDARD = gnu17;
				GCC_NO_COMMON_BLOCKS = YES;
				GCC_WARN_64_TO_32_BIT_CONVERSION = YES;
				GCC_WARN_ABOUT_RETURN_TYPE = YES_ERROR;
				GCC_WARN_UNDECLARED_SELECTOR = YES;
				GCC_WARN_UNINITIALIZED_AUTOS = YES_AGGRESSIVE;
				GCC_WARN_UNUSED_FUNCTION = YES;
				GCC_WARN_UNUSED_VARIABLE = YES;
				LOCALIZATION_PREFERS_STRING_CATALOGS = YES;
				MACOSX_DEPLOYMENT_TARGET = 15.0;
				MTL_ENABLE_DEBUG_INFO = NO;
				MTL_FAST_MATH = YES;
				SDKROOT = macosx;
				SWIFT_COMPILATION_MODE = wholemodule;
			};
			name = Release;
		};
		BA4D26CA2F9A2F770070BE17 /* Debug */ = {
			isa = XCBuildConfiguration;
			buildSettings = {
				BUILD_LIBRARY_FOR_DISTRIBUTION = YES;
				CODE_SIGN_STYLE = Automatic;
				COMBINE_HIDPI_IMAGES = YES;
				CURRENT_PROJECT_VERSION = 1;
				DEVELOPMENT_TEAM = 57SKMSUCY8;
				DYLIB_COMPATIBILITY_VERSION = 1;
				DYLIB_CURRENT_VERSION = 1;
				DYLIB_INSTALL_NAME_BASE = "@rpath";
				ENABLE_MODULE_VERIFIER = YES;
				ENABLE_USER_SCRIPT_SANDBOXING = NO;
				GENERATE_INFOPLIST_FILE = YES;
				HEADER_SEARCH_PATHS = (
					"$(inherited)",
					"$(PROJECT_DIR)/Vendor/.install/pcapplusplus/include",
				);
				INFOPLIST_KEY_NSHumanReadableCopyright = "";
				INSTALL_PATH = "$(LOCAL_LIBRARY_DIR)/Frameworks";
				LD_RUNPATH_SEARCH_PATHS = (
					"$(inherited)",
					"@executable_path/../Frameworks",
					"@loader_path/Frameworks",
				);
				LIBRARY_SEARCH_PATHS = (
					"$(inherited)",
					"$(PROJECT_DIR)/Vendor/.install/pcapplusplus/lib",
				);
				MARKETING_VERSION = 1.0;
				MODULE_VERIFIER_SUPPORTED_LANGUAGES = "objective-c objective-c++";
				MODULE_VERIFIER_SUPPORTED_LANGUAGE_STANDARDS = "gnu17 gnu++20";
				OTHER_LDFLAGS = (
					"$(inherited)",
					"-lPcap++",
					"-lPacket++",
					"-lCommon++",
					"-lpcap",
					"-framework",
					SystemConfiguration,
					"-framework",
					CoreFoundation,
				);
				OTHER_SWIFT_FLAGS = "$(inherited) -Xcc -fmodule-map-file=$(PROJECT_DIR)/PcapPlusPlusCore/NativeBridge/module.modulemap";
				PRODUCT_BUNDLE_IDENTIFIER = com.proxyman.PcapPlusPlusCore;
				PRODUCT_NAME = "$(TARGET_NAME:c99extidentifier)";
				SKIP_INSTALL = YES;
				STRING_CATALOG_GENERATE_SYMBOLS = YES;
				SWIFT_APPROACHABLE_CONCURRENCY = YES;
				SWIFT_EMIT_LOC_STRINGS = YES;
				SWIFT_INCLUDE_PATHS = "$(inherited) $(PROJECT_DIR)/PcapPlusPlusCore/NativeBridge";
				SWIFT_INSTALL_MODULE = YES;
				SWIFT_INSTALL_OBJC_HEADER = NO;
				SWIFT_UPCOMING_FEATURE_MEMBER_IMPORT_VISIBILITY = YES;
				SWIFT_VERSION = 5.0;
				VERSIONING_SYSTEM = "apple-generic";
				VERSION_INFO_PREFIX = "";
			};
			name = Debug;
		};
		BA4D26CB2F9A2F770070BE17 /* Release */ = {
			isa = XCBuildConfiguration;
			buildSettings = {
				BUILD_LIBRARY_FOR_DISTRIBUTION = YES;
				CODE_SIGN_STYLE = Automatic;
				COMBINE_HIDPI_IMAGES = YES;
				CURRENT_PROJECT_VERSION = 1;
				DEVELOPMENT_TEAM = 57SKMSUCY8;
				DYLIB_COMPATIBILITY_VERSION = 1;
				DYLIB_CURRENT_VERSION = 1;
				DYLIB_INSTALL_NAME_BASE = "@rpath";
				ENABLE_MODULE_VERIFIER = YES;
				ENABLE_USER_SCRIPT_SANDBOXING = NO;
				GENERATE_INFOPLIST_FILE = YES;
				HEADER_SEARCH_PATHS = (
					"$(inherited)",
					"$(PROJECT_DIR)/Vendor/.install/pcapplusplus/include",
				);
				INFOPLIST_KEY_NSHumanReadableCopyright = "";
				INSTALL_PATH = "$(LOCAL_LIBRARY_DIR)/Frameworks";
				LD_RUNPATH_SEARCH_PATHS = (
					"$(inherited)",
					"@executable_path/../Frameworks",
					"@loader_path/Frameworks",
				);
				LIBRARY_SEARCH_PATHS = (
					"$(inherited)",
					"$(PROJECT_DIR)/Vendor/.install/pcapplusplus/lib",
				);
				MARKETING_VERSION = 1.0;
				MODULE_VERIFIER_SUPPORTED_LANGUAGES = "objective-c objective-c++";
				MODULE_VERIFIER_SUPPORTED_LANGUAGE_STANDARDS = "gnu17 gnu++20";
				OTHER_LDFLAGS = (
					"$(inherited)",
					"-lPcap++",
					"-lPacket++",
					"-lCommon++",
					"-lpcap",
					"-framework",
					SystemConfiguration,
					"-framework",
					CoreFoundation,
				);
				OTHER_SWIFT_FLAGS = "$(inherited) -Xcc -fmodule-map-file=$(PROJECT_DIR)/PcapPlusPlusCore/NativeBridge/module.modulemap";
				PRODUCT_BUNDLE_IDENTIFIER = com.proxyman.PcapPlusPlusCore;
				PRODUCT_NAME = "$(TARGET_NAME:c99extidentifier)";
				SKIP_INSTALL = YES;
				STRING_CATALOG_GENERATE_SYMBOLS = YES;
				SWIFT_APPROACHABLE_CONCURRENCY = YES;
				SWIFT_EMIT_LOC_STRINGS = YES;
				SWIFT_INCLUDE_PATHS = "$(inherited) $(PROJECT_DIR)/PcapPlusPlusCore/NativeBridge";
				SWIFT_INSTALL_MODULE = YES;
				SWIFT_INSTALL_OBJC_HEADER = NO;
				SWIFT_UPCOMING_FEATURE_MEMBER_IMPORT_VISIBILITY = YES;
				SWIFT_VERSION = 5.0;
				VERSIONING_SYSTEM = "apple-generic";
				VERSION_INFO_PREFIX = "";
			};
			name = Release;
		};
		BA4D26CE2F9A2F770070BE17 /* Debug */ = {
			isa = XCBuildConfiguration;
			buildSettings = {
				CODE_SIGN_STYLE = Automatic;
				CURRENT_PROJECT_VERSION = 1;
				DEVELOPMENT_TEAM = 57SKMSUCY8;
				GENERATE_INFOPLIST_FILE = YES;
				MARKETING_VERSION = 1.0;
				PRODUCT_BUNDLE_IDENTIFIER = com.proxyman.PcapPlusPlusCoreTests;
				PRODUCT_NAME = "$(TARGET_NAME)";
				STRING_CATALOG_GENERATE_SYMBOLS = NO;
				SWIFT_APPROACHABLE_CONCURRENCY = YES;
				SWIFT_EMIT_LOC_STRINGS = NO;
				SWIFT_UPCOMING_FEATURE_MEMBER_IMPORT_VISIBILITY = YES;
				SWIFT_VERSION = 5.0;
			};
			name = Debug;
		};
		BA4D26CF2F9A2F770070BE17 /* Release */ = {
			isa = XCBuildConfiguration;
			buildSettings = {
				CODE_SIGN_STYLE = Automatic;
				CURRENT_PROJECT_VERSION = 1;
				DEVELOPMENT_TEAM = 57SKMSUCY8;
				GENERATE_INFOPLIST_FILE = YES;
				MARKETING_VERSION = 1.0;
				PRODUCT_BUNDLE_IDENTIFIER = com.proxyman.PcapPlusPlusCoreTests;
				PRODUCT_NAME = "$(TARGET_NAME)";
				STRING_CATALOG_GENERATE_SYMBOLS = NO;
				SWIFT_APPROACHABLE_CONCURRENCY = YES;
				SWIFT_EMIT_LOC_STRINGS = NO;
				SWIFT_UPCOMING_FEATURE_MEMBER_IMPORT_VISIBILITY = YES;
				SWIFT_VERSION = 5.0;
			};
			name = Release;
		};
		BAAEA1632F9B99D100C52A7C /* Debug */ = {
			isa = XCBuildConfiguration;
			buildSettings = {
				ASSETCATALOG_COMPILER_APPICON_NAME = AppIcon;
				ASSETCATALOG_COMPILER_GLOBAL_ACCENT_COLOR_NAME = AccentColor;
				CODE_SIGN_STYLE = Automatic;
				COMBINE_HIDPI_IMAGES = YES;
				CURRENT_PROJECT_VERSION = 1;
				DEVELOPMENT_TEAM = 57SKMSUCY8;
				ENABLE_APP_SANDBOX = YES;
				ENABLE_HARDENED_RUNTIME = YES;
				ENABLE_USER_SELECTED_FILES = readonly;
				GENERATE_INFOPLIST_FILE = YES;
				INFOPLIST_KEY_NSHumanReadableCopyright = "";
				INFOPLIST_KEY_NSMainStoryboardFile = Main;
				INFOPLIST_KEY_NSPrincipalClass = NSApplication;
				LD_RUNPATH_SEARCH_PATHS = (
					"$(inherited)",
					"@executable_path/../Frameworks",
				);
				MACOSX_DEPLOYMENT_TARGET = 26.4;
				MARKETING_VERSION = 1.0;
				PRODUCT_BUNDLE_IDENTIFIER = com.proxyman.TCPApp;
				PRODUCT_NAME = "$(TARGET_NAME)";
				REGISTER_APP_GROUPS = YES;
				STRING_CATALOG_GENERATE_SYMBOLS = YES;
				SWIFT_APPROACHABLE_CONCURRENCY = YES;
				SWIFT_DEFAULT_ACTOR_ISOLATION = MainActor;
				SWIFT_EMIT_LOC_STRINGS = YES;
				SWIFT_UPCOMING_FEATURE_MEMBER_IMPORT_VISIBILITY = YES;
				SWIFT_VERSION = 5.0;
			};
			name = Debug;
		};
		BAAEA1642F9B99D100C52A7C /* Release */ = {
			isa = XCBuildConfiguration;
			buildSettings = {
				ASSETCATALOG_COMPILER_APPICON_NAME = AppIcon;
				ASSETCATALOG_COMPILER_GLOBAL_ACCENT_COLOR_NAME = AccentColor;
				CODE_SIGN_STYLE = Automatic;
				COMBINE_HIDPI_IMAGES = YES;
				CURRENT_PROJECT_VERSION = 1;
				DEVELOPMENT_TEAM = 57SKMSUCY8;
				ENABLE_APP_SANDBOX = YES;
				ENABLE_HARDENED_RUNTIME = YES;
				ENABLE_USER_SELECTED_FILES = readonly;
				GENERATE_INFOPLIST_FILE = YES;
				INFOPLIST_KEY_NSHumanReadableCopyright = "";
				INFOPLIST_KEY_NSMainStoryboardFile = Main;
				INFOPLIST_KEY_NSPrincipalClass = NSApplication;
				LD_RUNPATH_SEARCH_PATHS = (
					"$(inherited)",
					"@executable_path/../Frameworks",
				);
				MACOSX_DEPLOYMENT_TARGET = 26.4;
				MARKETING_VERSION = 1.0;
				PRODUCT_BUNDLE_IDENTIFIER = com.proxyman.TCPApp;
				PRODUCT_NAME = "$(TARGET_NAME)";
				REGISTER_APP_GROUPS = YES;
				STRING_CATALOG_GENERATE_SYMBOLS = YES;
				SWIFT_APPROACHABLE_CONCURRENCY = YES;
				SWIFT_DEFAULT_ACTOR_ISOLATION = MainActor;
				SWIFT_EMIT_LOC_STRINGS = YES;
				SWIFT_UPCOMING_FEATURE_MEMBER_IMPORT_VISIBILITY = YES;
				SWIFT_VERSION = 5.0;
			};
			name = Release;
		};
		BAAEA1662F9B99D100C52A7C /* Debug */ = {
			isa = XCBuildConfiguration;
			buildSettings = {
				BUNDLE_LOADER = "$(TEST_HOST)";
				CODE_SIGN_STYLE = Automatic;
				CURRENT_PROJECT_VERSION = 1;
				DEVELOPMENT_TEAM = 57SKMSUCY8;
				GENERATE_INFOPLIST_FILE = YES;
				MACOSX_DEPLOYMENT_TARGET = 26.4;
				MARKETING_VERSION = 1.0;
				PRODUCT_BUNDLE_IDENTIFIER = com.proxyman.TCPAppTests;
				PRODUCT_NAME = "$(TARGET_NAME)";
				STRING_CATALOG_GENERATE_SYMBOLS = NO;
				SWIFT_APPROACHABLE_CONCURRENCY = YES;
				SWIFT_EMIT_LOC_STRINGS = NO;
				SWIFT_UPCOMING_FEATURE_MEMBER_IMPORT_VISIBILITY = YES;
				SWIFT_VERSION = 5.0;
				TEST_HOST = "$(BUILT_PRODUCTS_DIR)/TCPApp.app/$(BUNDLE_EXECUTABLE_FOLDER_PATH)/TCPApp";
			};
			name = Debug;
		};
		BAAEA1672F9B99D100C52A7C /* Release */ = {
			isa = XCBuildConfiguration;
			buildSettings = {
				BUNDLE_LOADER = "$(TEST_HOST)";
				CODE_SIGN_STYLE = Automatic;
				CURRENT_PROJECT_VERSION = 1;
				DEVELOPMENT_TEAM = 57SKMSUCY8;
				GENERATE_INFOPLIST_FILE = YES;
				MACOSX_DEPLOYMENT_TARGET = 26.4;
				MARKETING_VERSION = 1.0;
				PRODUCT_BUNDLE_IDENTIFIER = com.proxyman.TCPAppTests;
				PRODUCT_NAME = "$(TARGET_NAME)";
				STRING_CATALOG_GENERATE_SYMBOLS = NO;
				SWIFT_APPROACHABLE_CONCURRENCY = YES;
				SWIFT_EMIT_LOC_STRINGS = NO;
				SWIFT_UPCOMING_FEATURE_MEMBER_IMPORT_VISIBILITY = YES;
				SWIFT_VERSION = 5.0;
				TEST_HOST = "$(BUILT_PRODUCTS_DIR)/TCPApp.app/$(BUNDLE_EXECUTABLE_FOLDER_PATH)/TCPApp";
			};
			name = Release;
		};
		BACE00132F9C00000070BE17 /* Debug */ = {
			isa = XCBuildConfiguration;
			buildSettings = {
				CODE_SIGN_STYLE = Automatic;
				CREATE_INFOPLIST_SECTION_IN_BINARY = YES;
				CURRENT_PROJECT_VERSION = 1;
				DEVELOPMENT_TEAM = 57SKMSUCY8;
				ENABLE_HARDENED_RUNTIME = YES;
				GENERATE_INFOPLIST_FILE = YES;
				MACOSX_DEPLOYMENT_TARGET = 15.0;
				MARKETING_VERSION = 1.0;
				PRODUCT_BUNDLE_IDENTIFIER = com.proxyman.Packetry.NetworkHelper;
				PRODUCT_NAME = "$(TARGET_NAME)";
				SWIFT_APPROACHABLE_CONCURRENCY = YES;
				SWIFT_EMIT_LOC_STRINGS = NO;
				SWIFT_UPCOMING_FEATURE_MEMBER_IMPORT_VISIBILITY = YES;
				SWIFT_VERSION = 5.0;
			};
			name = Debug;
		};
		BACE00142F9C00000070BE17 /* Release */ = {
			isa = XCBuildConfiguration;
			buildSettings = {
				CODE_SIGN_STYLE = Automatic;
				CREATE_INFOPLIST_SECTION_IN_BINARY = YES;
				CURRENT_PROJECT_VERSION = 1;
				DEVELOPMENT_TEAM = 57SKMSUCY8;
				ENABLE_HARDENED_RUNTIME = YES;
				GENERATE_INFOPLIST_FILE = YES;
				MACOSX_DEPLOYMENT_TARGET = 15.0;
				MARKETING_VERSION = 1.0;
				PRODUCT_BUNDLE_IDENTIFIER = com.proxyman.Packetry.NetworkHelper;
				PRODUCT_NAME = "$(TARGET_NAME)";
				SWIFT_APPROACHABLE_CONCURRENCY = YES;
				SWIFT_EMIT_LOC_STRINGS = NO;
				SWIFT_UPCOMING_FEATURE_MEMBER_IMPORT_VISIBILITY = YES;
				SWIFT_VERSION = 5.0;
			};
			name = Release;
		};
/* End XCBuildConfiguration section */

/* Begin XCConfigurationList section */
		BA4D26802F9A2F490070BE17 /* Build configuration list for PBXProject "Packetry" */ = {
			isa = XCConfigurationList;
			buildConfigurations = (
				BA4D26A42F9A2F4B0070BE17 /* Debug */,
				BA4D26A52F9A2F4B0070BE17 /* Release */,
			);
			defaultConfigurationIsVisible = 0;
			defaultConfigurationName = Release;
		};
		BA4D26C92F9A2F770070BE17 /* Build configuration list for PBXNativeTarget "PcapPlusPlusCore" */ = {
			isa = XCConfigurationList;
			buildConfigurations = (
				BA4D26CA2F9A2F770070BE17 /* Debug */,
				BA4D26CB2F9A2F770070BE17 /* Release */,
			);
			defaultConfigurationIsVisible = 0;
			defaultConfigurationName = Release;
		};
		BA4D26CD2F9A2F770070BE17 /* Build configuration list for PBXNativeTarget "PcapPlusPlusCoreTests" */ = {
			isa = XCConfigurationList;
			buildConfigurations = (
				BA4D26CE2F9A2F770070BE17 /* Debug */,
				BA4D26CF2F9A2F770070BE17 /* Release */,
			);
			defaultConfigurationIsVisible = 0;
			defaultConfigurationName = Release;
		};
		BAAEA1622F9B99D100C52A7C /* Build configuration list for PBXNativeTarget "TCPApp" */ = {
			isa = XCConfigurationList;
			buildConfigurations = (
				BAAEA1632F9B99D100C52A7C /* Debug */,
				BAAEA1642F9B99D100C52A7C /* Release */,
			);
			defaultConfigurationIsVisible = 0;
			defaultConfigurationName = Release;
		};
		BAAEA1652F9B99D100C52A7C /* Build configuration list for PBXNativeTarget "TCPAppTests" */ = {
			isa = XCConfigurationList;
			buildConfigurations = (
				BAAEA1662F9B99D100C52A7C /* Debug */,
				BAAEA1672F9B99D100C52A7C /* Release */,
			);
			defaultConfigurationIsVisible = 0;
			defaultConfigurationName = Release;
		};
		BACE00102F9C00000070BE17 /* Build configuration list for PBXNativeTarget "PacketryNetworkHelper" */ = {
			isa = XCConfigurationList;
			buildConfigurations = (
				BACE00132F9C00000070BE17 /* Debug */,
				BACE00142F9C00000070BE17 /* Release */,
			);
			defaultConfigurationIsVisible = 0;
			defaultConfigurationName = Release;
		};
/* End XCConfigurationList section */
	};
	rootObject = BA4D267D2F9A2F490070BE17 /* Project object */;
}
